
Microsoft Visual Studio Solution File, Format Version 12.00
# Visual Studio Version 17
VisualStudioVersion = 17.1.32228.430
MinimumVisualStudioVersion = 10.0.40219.1
Project("{FAE04EC0-301F-11D3-BF4B-00C04F79EFBC}") = "LW_DM_Kombinatorika_WPF", "LW_DM_Kombinatorika_WPF\LW_DM_Kombinatorika_WPF.csproj", "{6B76165B-C4E1-40FD-8CC5-A800A900A47B}"
EndProject
Global
	GlobalSection(SolutionConfigurationPlatforms) = preSolution
		Debug|Any CPU = Debug|Any CPU
		Release|Any CPU = Release|Any CPU
	EndGlobalSection
	GlobalSection(ProjectConfigurationPlatforms) = postSolution
		{6B76165B-C4E1-40FD-8CC5-A800A900A47B}.Debug|Any CPU.ActiveCfg = Debug|Any CPU
		{6B76165B-C4E1-40FD-8CC5-A800A900A47B}.Debug|Any CPU.Build.0 = Debug|Any CPU
		{6B76165B-C4E1-40FD-8CC5-A800A900A47B}.Release|Any CPU.ActiveCfg = Release|Any CPU
		{6B76165B-C4E1-40FD-8CC5-A800A900A47B}.Release|Any CPU.Build.0 = Release|Any CPU
	EndGlobalSection
	GlobalSection(SolutionProperties) = preSolution
		HideSolutionNode = FALSE
	EndGlobalSection
	GlobalSection(ExtensibilityGlobals) = postSolution
		SolutionGuid = {2364F60F-5346-4378-87D0-D48554F0FF1A}
	EndGlobalSection
EndGlobal
